
Microsoft Visual Studio Solution File, Format Version 12.00
# Visual Studio 15
VisualStudioVersion = 15.0.26228.4
MinimumVisualStudioVersion = 10.0.40219.1
Project("{FAE04EC0-301F-11D3-BF4B-00C04F79EFBC}") = "ProjectManager.BAL", "ProjectManager.BAL\ProjectManager.BAL.csproj", "{F6166C85-925D-41B5-B2A0-D07097929F7A}"
EndProject
Project("{FAE04EC0-301F-11D3-BF4B-00C04F79EFBC}") = "ProjectManager.DAL", "ProjectManager.DAL\ProjectManager.DAL.csproj", "{C62CE950-93A3-4864-8B6F-40256EE57383}"
EndProject
Project("{FAE04EC0-301F-11D3-BF4B-00C04F79EFBC}") = "ProjectManager.Entities", "ProjectManager.Entities\ProjectManager.Entities.csproj", "{A2E8A979-CDE6-43D2-B525-CBCF047EE4D6}"
EndProject
Project("{FAE04EC0-301F-11D3-BF4B-00C04F79EFBC}") = "ProjectManager.API", "ProjectManager.API\ProjectManager.API.csproj", "{39BE373F-3431-491B-B578-83CDAFC7819F}"
EndProject
Project("{FAE04EC0-301F-11D3-BF4B-00C04F79EFBC}") = "ProjectManager.NUnit", "ProjectManager.NUnit\ProjectManager.NUnit.csproj", "{B7CB36DD-01C9-412F-B151-029FBFB98C92}"
EndProject
Project("{FAE04EC0-301F-11D3-BF4B-00C04F79EFBC}") = "ProjectManager.NBench", "ProjectManager.NBench\ProjectManager.NBench.csproj", "{395597E2-231B-479B-9A20-8BA878B13323}"
EndProject
Global
	GlobalSection(SolutionConfigurationPlatforms) = preSolution
		Debug|Any CPU = Debug|Any CPU
		Release|Any CPU = Release|Any CPU
	EndGlobalSection
	GlobalSection(ProjectConfigurationPlatforms) = postSolution
		{F6166C85-925D-41B5-B2A0-D07097929F7A}.Debug|Any CPU.ActiveCfg = Debug|Any CPU
		{F6166C85-925D-41B5-B2A0-D07097929F7A}.Debug|Any CPU.Build.0 = Debug|Any CPU
		{F6166C85-925D-41B5-B2A0-D07097929F7A}.Release|Any CPU.ActiveCfg = Release|Any CPU
		{F6166C85-925D-41B5-B2A0-D07097929F7A}.Release|Any CPU.Build.0 = Release|Any CPU
		{C62CE950-93A3-4864-8B6F-40256EE57383}.Debug|Any CPU.ActiveCfg = Debug|Any CPU
		{C62CE950-93A3-4864-8B6F-40256EE57383}.Debug|Any CPU.Build.0 = Debug|Any CPU
		{C62CE950-93A3-4864-8B6F-40256EE57383}.Release|Any CPU.ActiveCfg = Release|Any CPU
		{C62CE950-93A3-4864-8B6F-40256EE57383}.Release|Any CPU.Build.0 = Release|Any CPU
		{A2E8A979-CDE6-43D2-B525-CBCF047EE4D6}.Debug|Any CPU.ActiveCfg = Debug|Any CPU
		{A2E8A979-CDE6-43D2-B525-CBCF047EE4D6}.Debug|Any CPU.Build.0 = Debug|Any CPU
		{A2E8A979-CDE6-43D2-B525-CBCF047EE4D6}.Release|Any CPU.ActiveCfg = Release|Any CPU
		{A2E8A979-CDE6-43D2-B525-CBCF047EE4D6}.Release|Any CPU.Build.0 = Release|Any CPU
		{39BE373F-3431-491B-B578-83CDAFC7819F}.Debug|Any CPU.ActiveCfg = Debug|Any CPU
		{39BE373F-3431-491B-B578-83CDAFC7819F}.Debug|Any CPU.Build.0 = Debug|Any CPU
		{39BE373F-3431-491B-B578-83CDAFC7819F}.Release|Any CPU.ActiveCfg = Release|Any CPU
		{39BE373F-3431-491B-B578-83CDAFC7819F}.Release|Any CPU.Build.0 = Release|Any CPU
		{B7CB36DD-01C9-412F-B151-029FBFB98C92}.Debug|Any CPU.ActiveCfg = Debug|Any CPU
		{B7CB36DD-01C9-412F-B151-029FBFB98C92}.Debug|Any CPU.Build.0 = Debug|Any CPU
		{B7CB36DD-01C9-412F-B151-029FBFB98C92}.Release|Any CPU.ActiveCfg = Release|Any CPU
		{B7CB36DD-01C9-412F-B151-029FBFB98C92}.Release|Any CPU.Build.0 = Release|Any CPU
		{395597E2-231B-479B-9A20-8BA878B13323}.Debug|Any CPU.ActiveCfg = Debug|Any CPU
		{395597E2-231B-479B-9A20-8BA878B13323}.Debug|Any CPU.Build.0 = Debug|Any CPU
		{395597E2-231B-479B-9A20-8BA878B13323}.Release|Any CPU.ActiveCfg = Release|Any CPU
		{395597E2-231B-479B-9A20-8BA878B13323}.Release|Any CPU.Build.0 = Release|Any CPU
	EndGlobalSection
	GlobalSection(SolutionProperties) = preSolution
		HideSolutionNode = FALSE
	EndGlobalSection
EndGlobal
